
Microsoft Visual Studio Solution File, Format Version 12.00
# Visual Studio Version 17
VisualStudioVersion = 17.9.34728.123
MinimumVisualStudioVersion = 10.0.40219.1
Project("{9A19103F-16F7-4668-BE54-9A1E7A4F7556}") = "IPWhistleblower", "IPWhistleblower\IPWhistleblower.csproj", "{9CB74179-E418-4DDF-8216-98C2806C11DC}"
EndProject
Project("{9A19103F-16F7-4668-BE54-9A1E7A4F7556}") = "IPWhistleblowerTests", "IPWhistleblowerTests\IPWhistleblowerTests.csproj", "{8CE37E33-3458-4BDD-9C08-E8F79F9F12CC}"
EndProject
Global
	GlobalSection(SolutionConfigurationPlatforms) = preSolution
		Debug|Any CPU = Debug|Any CPU
		Release|Any CPU = Release|Any CPU
	EndGlobalSection
	GlobalSection(ProjectConfigurationPlatforms) = postSolution
		{9CB74179-E418-4DDF-8216-98C2806C11DC}.Debug|Any CPU.ActiveCfg = Debug|Any CPU
		{9CB74179-E418-4DDF-8216-98C2806C11DC}.Debug|Any CPU.Build.0 = Debug|Any CPU
		{9CB74179-E418-4DDF-8216-98C2806C11DC}.Release|Any CPU.ActiveCfg = Release|Any CPU
		{9CB74179-E418-4DDF-8216-98C2806C11DC}.Release|Any CPU.Build.0 = Release|Any CPU
		{8CE37E33-3458-4BDD-9C08-E8F79F9F12CC}.Debug|Any CPU.ActiveCfg = Debug|Any CPU
		{8CE37E33-3458-4BDD-9C08-E8F79F9F12CC}.Debug|Any CPU.Build.0 = Debug|Any CPU
		{8CE37E33-3458-4BDD-9C08-E8F79F9F12CC}.Release|Any CPU.ActiveCfg = Release|Any CPU
		{8CE37E33-3458-4BDD-9C08-E8F79F9F12CC}.Release|Any CPU.Build.0 = Release|Any CPU
	EndGlobalSection
	GlobalSection(SolutionProperties) = preSolution
		HideSolutionNode = FALSE
	EndGlobalSection
	GlobalSection(ExtensibilityGlobals) = postSolution
		SolutionGuid = {5787B379-A87C-44BC-A5DD-91460DEC5928}
	EndGlobalSection
EndGlobal
